
Microsoft Visual Studio Solution File, Format Version 12.00
# Visual Studio Version 17
VisualStudioVersion = 17.14.36811.4
MinimumVisualStudioVersion = 10.0.40219.1
Project("{FAE04EC0-301F-11D3-BF4B-00C04F79EFBC}") = "UDPMode", "UDP\UDPMode.csproj", "{CDE8BA50-3384-49B3-9E84-2AE7F4EA28AE}"
EndProject
Global
	GlobalSection(SolutionConfigurationPlatforms) = preSolution
		Debug|Any CPU = Debug|Any CPU
		Release|Any CPU = Release|Any CPU
	EndGlobalSection
	GlobalSection(ProjectConfigurationPlatforms) = postSolution
		{CDE8BA50-3384-49B3-9E84-2AE7F4EA28AE}.Debug|Any CPU.ActiveCfg = Debug|Any CPU
		{CDE8BA50-3384-49B3-9E84-2AE7F4EA28AE}.Debug|Any CPU.Build.0 = Debug|Any CPU
		{CDE8BA50-3384-49B3-9E84-2AE7F4EA28AE}.Release|Any CPU.ActiveCfg = Release|Any CPU
		{CDE8BA50-3384-49B3-9E84-2AE7F4EA28AE}.Release|Any CPU.Build.0 = Release|Any CPU
	EndGlobalSection
	GlobalSection(SolutionProperties) = preSolution
		HideSolutionNode = FALSE
	EndGlobalSection
	GlobalSection(ExtensibilityGlobals) = postSolution
		SolutionGuid = {332BAC45-043B-4A22-8EB1-2151EDC545BA}
	EndGlobalSection
EndGlobal
